<?xml version="1.0" encoding="utf-8"?>
<Project ToolsVersion="18.0" xmlns="http://schemas.microsoft.com/developer/msbuild/2003">
  <ItemGroup>
    <ClCompile Include="C:\Users\PRATHAM\Downloads\dent_v0_1\dent_v0_1\src\model\problem.cpp">
      <Filter>Source Files</Filter>
    </ClCompile>
    <ClCompile Include="C:\Users\PRATHAM\Downloads\dent_v0_1\dent_v0_1\src\matrix\sparse_matrix.cpp">
      <Filter>Source Files</Filter>
    </ClCompile>
    <ClCompile Include="C:\Users\PRATHAM\Downloads\dent_v0_1\dent_v0_1\src\presolve\presolve.cpp">
      <Filter>Source Files</Filter>
    </ClCompile>
    <ClCompile Include="C:\Users\PRATHAM\Downloads\dent_v0_1\dent_v0_1\src\presolve\scaling.cpp">
      <Filter>Source Files</Filter>
    </ClCompile>
    <ClCompile Include="C:\Users\PRATHAM\Downloads\dent_v0_1\dent_v0_1\src\dispatch\fingerprint.cpp">
      <Filter>Source Files</Filter>
    </ClCompile>
    <ClCompile Include="C:\Users\PRATHAM\Downloads\dent_v0_1\dent_v0_1\src\dispatch\dispatcher.cpp">
      <Filter>Source Files</Filter>
    </ClCompile>
    <ClCompile Include="C:\Users\PRATHAM\Downloads\dent_v0_1\dent_v0_1\src\solver\simplex.cpp">
      <Filter>Source Files</Filter>
    </ClCompile>
    <ClCompile Include="C:\Users\PRATHAM\Downloads\dent_v0_1\dent_v0_1\src\solver\dual_simplex.cpp">
      <Filter>Source Files</Filter>
    </ClCompile>
    <ClCompile Include="C:\Users\PRATHAM\Downloads\dent_v0_1\dent_v0_1\src\solver\interior_point.cpp">
      <Filter>Source Files</Filter>
    </ClCompile>
    <ClCompile Include="C:\Users\PRATHAM\Downloads\dent_v0_1\dent_v0_1\src\solver\milp.cpp">
      <Filter>Source Files</Filter>
    </ClCompile>
    <ClCompile Include="C:\Users\PRATHAM\Downloads\dent_v0_1\dent_v0_1\src\solver\qp.cpp">
      <Filter>Source Files</Filter>
    </ClCompile>
    <ClCompile Include="C:\Users\PRATHAM\Downloads\dent_v0_1\dent_v0_1\src\solver\solver_session.cpp">
      <Filter>Source Files</Filter>
    </ClCompile>
    <ClCompile Include="C:\Users\PRATHAM\Downloads\dent_v0_1\dent_v0_1\src\warmstart\warm_start.cpp">
      <Filter>Source Files</Filter>
    </ClCompile>
    <ClCompile Include="C:\Users\PRATHAM\Downloads\dent_v0_1\dent_v0_1\src\io\model_parser.cpp">
      <Filter>Source Files</Filter>
    </ClCompile>
    <ClCompile Include="C:\Users\PRATHAM\Downloads\dent_v0_1\dent_v0_1\src\io\interactive_builder.cpp">
      <Filter>Source Files</Filter>
    </ClCompile>
  </ItemGroup>
  <ItemGroup>
    <CustomBuild Include="C:\Users\PRATHAM\Downloads\dent_v0_1\dent_v0_1\CMakeLists.txt" />
  </ItemGroup>
  <ItemGroup>
    <Filter Include="Source Files">
      <UniqueIdentifier>{881CC9E3-3B4E-331D-9E2B-8E740B048EF3}</UniqueIdentifier>
    </Filter>
  </ItemGroup>
</Project>
