<?xml version="1.0" encoding="utf-8"?>
<Project ToolsVersion="18.0" xmlns="http://schemas.microsoft.com/developer/msbuild/2003">
  <ItemGroup>
    <ClCompile Include="C:\Users\PRATHAM\Downloads\dent_v0_1\dent_v0_1\tests\solver\solver_industry_test.cpp">
      <Filter>Source Files</Filter>
    </ClCompile>
  </ItemGroup>
  <ItemGroup>
    <CustomBuild Include="C:\Users\PRATHAM\Downloads\dent_v0_1\dent_v0_1\CMakeLists.txt" />
  </ItemGroup>
  <ItemGroup>
    <Filter Include="Source Files">
      <UniqueIdentifier>{881CC9E3-3B4E-331D-9E2B-8E740B048EF3}</UniqueIdentifier>
    </Filter>
  </ItemGroup>
</Project>
