<?xml version="1.0" encoding="utf-8"?>
<Project ToolsVersion="18.0" xmlns="http://schemas.microsoft.com/developer/msbuild/2003">
  <ItemGroup>
    <CustomBuild Include="C:\Users\PRATHAM\Downloads\dent_v0_1\dent_v0_1\build_asan\CMakeFiles\b4bc3dcc6ab95851270812dbd75cad60\RUN_TESTS_force.rule">
      <Filter>CMake Rules</Filter>
    </CustomBuild>
  </ItemGroup>
  <ItemGroup>
    <Filter Include="CMake Rules">
      <UniqueIdentifier>{3A50A5AE-3B8E-3AB5-BE24-A63585FEDFF6}</UniqueIdentifier>
    </Filter>
  </ItemGroup>
</Project>
